{
  "nodes": {
    "home-manager": {
      "inputs": {
        "nixpkgs": [
          "nixpkgs"
        ]
      },
      "locked": {
        "lastModified": 1703674883,
        "narHash": "sha256-Jna6MOmLdfgot+AopHv28L+wpwVDfaiafLtO7E4bkj0=",
        "owner": "nix-community",
        "repo": "home-manager",
        "rev": "458544594ba7f0333cf5718045ee7a8eaf5de433",
        "type": "github"
      },
      "original": {
        "owner": "nix-community",
        "repo": "home-manager",
        "type": "github"
      }
    },
    "nixpkgs": {
      "locked": {
        "lastModified": 1703438236,
        "narHash": "sha256-aqVBq1u09yFhL7bj1/xyUeJjzr92fXVvQSSEx6AdB1M=",
        "owner": "nixos",
        "repo": "nixpkgs",
        "rev": "5f64a12a728902226210bf01d25ec6cbb9d9265b",
        "type": "github"
      },
      "original": {
        "owner": "nixos",
        "ref": "nixos-unstable",
        "repo": "nixpkgs",
        "type": "github"
      }
    },
    "nixpkgs-stable": {
      "locked": {
        "lastModified": 1703351344,
        "narHash": "sha256-9FEelzftkE9UaJ5nqxidaJJPEhe9TPhbypLHmc2Mysc=",
        "owner": "NixOS",
        "repo": "nixpkgs",
        "rev": "7790e078f8979a9fcd543f9a47427eeaba38f268",
        "type": "github"
      },
      "original": {
        "owner": "NixOS",
        "ref": "release-23.05",
        "repo": "nixpkgs",
        "type": "github"
      }
    },
    "nixpkgs_2": {
      "locked": {
        "lastModified": 1703134684,
        "narHash": "sha256-SQmng1EnBFLzS7WSRyPM9HgmZP2kLJcPAz+Ug/nug6o=",
        "owner": "NixOS",
        "repo": "nixpkgs",
        "rev": "d6863cbcbbb80e71cecfc03356db1cda38919523",
        "type": "github"
      },
      "original": {
        "owner": "NixOS",
        "ref": "nixpkgs-unstable",
        "repo": "nixpkgs",
        "type": "github"
      }
    },
    "root": {
      "inputs": {
        "home-manager": "home-manager",
        "nixpkgs": "nixpkgs",
        "sops-nix": "sops-nix"
      }
    },
    "sops-nix": {
      "inputs": {
        "nixpkgs": "nixpkgs_2",
        "nixpkgs-stable": "nixpkgs-stable"
      },
      "locked": {
        "lastModified": 1703387502,
        "narHash": "sha256-JnWuQmyanPtF8c5yAEFXVWzaIlMxA3EAZCh8XNvnVqE=",
        "owner": "Mic92",
        "repo": "sops-nix",
        "rev": "e523e89763ff45f0a6cf15bcb1092636b1da9ed3",
        "type": "github"
      },
      "original": {
        "owner": "Mic92",
        "repo": "sops-nix",
        "type": "github"
      }
    }
  },
  "root": "root",
  "version": 7
}
